
Microsoft Visual Studio Solution File, Format Version 12.00
# Visual Studio Version 16
VisualStudioVersion = 16.0.31729.503
MinimumVisualStudioVersion = 10.0.40219.1
Project("{FAE04EC0-301F-11D3-BF4B-00C04F79EFBC}") = "Melissa_Scott_9189_SA2_IPG521_Final", "Melissa_Scott_9189_SA2_IPG521_Final.csproj", "{0096517E-74FD-44C3-90C7-688DF861E95C}"
EndProject
Global
	GlobalSection(SolutionConfigurationPlatforms) = preSolution
		Debug|Any CPU = Debug|Any CPU
		Release|Any CPU = Release|Any CPU
	EndGlobalSection
	GlobalSection(ProjectConfigurationPlatforms) = postSolution
		{0096517E-74FD-44C3-90C7-688DF861E95C}.Debug|Any CPU.ActiveCfg = Debug|Any CPU
		{0096517E-74FD-44C3-90C7-688DF861E95C}.Debug|Any CPU.Build.0 = Debug|Any CPU
		{0096517E-74FD-44C3-90C7-688DF861E95C}.Release|Any CPU.ActiveCfg = Release|Any CPU
		{0096517E-74FD-44C3-90C7-688DF861E95C}.Release|Any CPU.Build.0 = Release|Any CPU
	EndGlobalSection
	GlobalSection(SolutionProperties) = preSolution
		HideSolutionNode = FALSE
	EndGlobalSection
	GlobalSection(ExtensibilityGlobals) = postSolution
		SolutionGuid = {FF565220-9A35-40DB-B376-9AD63F492B34}
	EndGlobalSection
EndGlobal
